dependencies:
- name: service-account
  repository: https://ibm-garage-cloud.github.io/toolkit-charts/
  version: 0.5.0
- name: service-account
  repository: https://ibm-garage-cloud.github.io/toolkit-charts/
  version: 0.5.0
- name: artifactory
  repository: https://charts.jfrog.io/
  version: 9.4.5
- name: ocp-route
  repository: https://charts.cloudnativetoolkit.dev
  version: 0.5.0
- name: tool-config
  repository: https://charts.cloudnativetoolkit.dev
  version: 0.9.0
- name: setup-job
  repository: https://charts.cloudnativetoolkit.dev
  version: 0.3.0
digest: sha256:1d691f79d5a077bea746ed8cf02214d6e123c738ec2bc99f64e175007b545158
generated: "2021-11-07T22:36:29.28521-06:00"
